
Microsoft Visual Studio Solution File, Format Version 12.00
# Visual Studio Version 16
VisualStudioVersion = 16.0.31112.23
MinimumVisualStudioVersion = 10.0.40219.1
Project("{FAE04EC0-301F-11D3-BF4B-00C04F79EFBC}") = "les-1-10", "les-1-10\les-1-10.csproj", "{E6619C57-4F13-4CD1-AC9A-6CA3E656CCD7}"
EndProject
Global
	GlobalSection(SolutionConfigurationPlatforms) = preSolution
		Debug|Any CPU = Debug|Any CPU
		Release|Any CPU = Release|Any CPU
	EndGlobalSection
	GlobalSection(ProjectConfigurationPlatforms) = postSolution
		{E6619C57-4F13-4CD1-AC9A-6CA3E656CCD7}.Debug|Any CPU.ActiveCfg = Debug|Any CPU
		{E6619C57-4F13-4CD1-AC9A-6CA3E656CCD7}.Debug|Any CPU.Build.0 = Debug|Any CPU
		{E6619C57-4F13-4CD1-AC9A-6CA3E656CCD7}.Release|Any CPU.ActiveCfg = Release|Any CPU
		{E6619C57-4F13-4CD1-AC9A-6CA3E656CCD7}.Release|Any CPU.Build.0 = Release|Any CPU
	EndGlobalSection
	GlobalSection(SolutionProperties) = preSolution
		HideSolutionNode = FALSE
	EndGlobalSection
	GlobalSection(ExtensibilityGlobals) = postSolution
		SolutionGuid = {F31C8B0B-83A3-46DC-80A5-B0FEC5C82376}
	EndGlobalSection
EndGlobal
